PODS:
  - AFNetworking (4.0.1):
    - AFNetworking/NSURLSession (= 4.0.1)
    - AFNetworking/Reachability (= 4.0.1)
    - AFNetworking/Security (= 4.0.1)
    - AFNetworking/Serialization (= 4.0.1)
    - AFNetworking/UIKit (= 4.0.1)
  - AFNetworking/NSURLSession (4.0.1):
    - AFNetworking/Reachability
    - AFNetworking/Security
    - AFNetworking/Serialization
  - AFNetworking/Reachability (4.0.1)
  - AFNetworking/Security (4.0.1)
  - AFNetworking/Serialization (4.0.1)
  - AFNetworking/UIKit (4.0.1):
    - AFNetworking/NSURLSession
  - AMapFoundation-NO-IDFA (1.6.9)
  - AMapLocation-NO-IDFA (2.8.0):
    - AMapFoundation-NO-IDFA (~> 1.6.9)
  - AMapSearch-NO-IDFA (8.1.0):
    - AMapFoundation-NO-IDFA (~> 1.6.9)
  - Masonry (1.1.0)
  - MBProgressHUD (1.2.0)

DEPENDENCIES:
  - AFNetworking (~> 4.0.1)
  - AMapLocation-NO-IDFA
  - AMapSearch-NO-IDFA
  - Masonry (~> 1.1.0)
  - MBProgressHUD (~> 1.2.0)

SPEC REPOS:
  trunk:
    - AFNetworking
    - AMapFoundation-NO-IDFA
    - AMapLocation-NO-IDFA
    - AMapSearch-NO-IDFA
    - Masonry
    - MBProgressHUD

SPEC CHECKSUMS:
  AFNetworking: 7864c38297c79aaca1500c33288e429c3451fdce
  AMapFoundation-NO-IDFA: cc2ec7a2828ef292358ad594b7ee0ae21a7f097b
  AMapLocation-NO-IDFA: 9d7ec9b052405356600b59fe0a9a65261bacc54e
  AMapSearch-NO-IDFA: df1f7c79f251e0ca04b9761593f6453527957ea0
  Masonry: 678fab65091a9290e40e2832a55e7ab731aad201
  MBProgressHUD: 3ee5efcc380f6a79a7cc9b363dd669c5e1ae7406

PODFILE CHECKSUM: 2f67c075791c253cde45c22c471a83677a35ca00

COCOAPODS: 1.11.2
