// !$*UTF8*$!
{
	archiveVersion = 1;
	classes = {
	};
	objectVersion = 51;
	objects = {

/* Begin PBXBuildFile section */
		0623448C277B3FDA006173EB /* UIView+CBWL.m in Sources */ = {isa = PBXBuildFile; fileRef = 0623448B277B3FDA006173EB /* UIView+CBWL.m */; };
		468D7AFD8D98599EA2579360 /* Pods_dysx.framework in Frameworks */ = {isa = PBXBuildFile; fileRef = 465C56E1770C6A1AD4049932 /* Pods_dysx.framework */; };
		88D5F3EA275DB12200B7082A /* AppDelegate.m in Sources */ = {isa = PBXBuildFile; fileRef = 88D5F3E9275DB12200B7082A /* AppDelegate.m */; };
		88D5F3F5275DB12600B7082A /* Assets.xcassets in Resources */ = {isa = PBXBuildFile; fileRef = 88D5F3F4275DB12600B7082A /* Assets.xcassets */; };
		88D5F3FB275DB12600B7082A /* main.m in Sources */ = {isa = PBXBuildFile; fileRef = 88D5F3FA275DB12600B7082A /* main.m */; };
		88D5F405275DB12600B7082A /* dysxTests.m in Sources */ = {isa = PBXBuildFile; fileRef = 88D5F404275DB12600B7082A /* dysxTests.m */; };
		88D5F40F275DB12600B7082A /* dysxUITests.m in Sources */ = {isa = PBXBuildFile; fileRef = 88D5F40E275DB12600B7082A /* dysxUITests.m */; };
		88D5F411275DB12600B7082A /* dysxUITestsLaunchTests.m in Sources */ = {isa = PBXBuildFile; fileRef = 88D5F410275DB12600B7082A /* dysxUITestsLaunchTests.m */; };
		88D5F426275DB20000B7082A /* MainViewController.m in Sources */ = {isa = PBXBuildFile; fileRef = 88D5F41E275DB1FF00B7082A /* MainViewController.m */; };
		88D5F427275DB20000B7082A /* BaseNavigationController.m in Sources */ = {isa = PBXBuildFile; fileRef = 88D5F421275DB1FF00B7082A /* BaseNavigationController.m */; };
		88D5F428275DB20000B7082A /* BaseViewController.m in Sources */ = {isa = PBXBuildFile; fileRef = 88D5F422275DB1FF00B7082A /* BaseViewController.m */; };
		88D5F429275DB20000B7082A /* MineViewController.m in Sources */ = {isa = PBXBuildFile; fileRef = 88D5F424275DB1FF00B7082A /* MineViewController.m */; };
		8997E5A61CD45EA859DF2403 /* Pods_dysx_dysxUITests.framework in Frameworks */ = {isa = PBXBuildFile; fileRef = E4F19F6A2FD702BF4828F4DD /* Pods_dysx_dysxUITests.framework */; };
		9578238E279275C800A4AAC1 /* CustomTools.m in Sources */ = {isa = PBXBuildFile; fileRef = 9578238D279275C800A4AAC1 /* CustomTools.m */; };
		957E98E027965542006880A9 /* EditProfileViewController.m in Sources */ = {isa = PBXBuildFile; fileRef = 957E98DF27965542006880A9 /* EditProfileViewController.m */; };
		9599C7732797EA520031F360 /* HelpView.m in Sources */ = {isa = PBXBuildFile; fileRef = 9599C7722797EA520031F360 /* HelpView.m */; };
		959EEBDF27914F45007A8200 /* LTabBarController.m in Sources */ = {isa = PBXBuildFile; fileRef = 959EEBDE27914F45007A8200 /* LTabBarController.m */; };
		959EEBE227914F6C007A8200 /* LTabBar.m in Sources */ = {isa = PBXBuildFile; fileRef = 959EEBE127914F6C007A8200 /* LTabBar.m */; };
		959EEBE527915E86007A8200 /* LTabBarButton.m in Sources */ = {isa = PBXBuildFile; fileRef = 959EEBE427915E86007A8200 /* LTabBarButton.m */; };
		95AAE71827950EEE000282E0 /* mineTableViewCell.m in Sources */ = {isa = PBXBuildFile; fileRef = 95AAE71727950EEE000282E0 /* mineTableViewCell.m */; };
		95AAE71B2795136B000282E0 /* ServiceViewController.m in Sources */ = {isa = PBXBuildFile; fileRef = 95AAE71A2795136B000282E0 /* ServiceViewController.m */; };
		95AAE71E279513A5000282E0 /* PhotoViewController.m in Sources */ = {isa = PBXBuildFile; fileRef = 95AAE71D279513A5000282E0 /* PhotoViewController.m */; };
		95AAE721279513F6000282E0 /* ProfileViewController.m in Sources */ = {isa = PBXBuildFile; fileRef = 95AAE720279513F6000282E0 /* ProfileViewController.m */; };
		95AAE72427951417000282E0 /* HelpViewController.m in Sources */ = {isa = PBXBuildFile; fileRef = 95AAE72327951417000282E0 /* HelpViewController.m */; };
		95AAE72727951436000282E0 /* QAViewController.m in Sources */ = {isa = PBXBuildFile; fileRef = 95AAE72627951436000282E0 /* QAViewController.m */; };
		95AAE72A2795144A000282E0 /* FBViewController.m in Sources */ = {isa = PBXBuildFile; fileRef = 95AAE7292795144A000282E0 /* FBViewController.m */; };
		95AAE72D2795146B000282E0 /* SetViewController.m in Sources */ = {isa = PBXBuildFile; fileRef = 95AAE72C2795146B000282E0 /* SetViewController.m */; };
		95AAE730279549EE000282E0 /* UIView+TransitonColor.m in Sources */ = {isa = PBXBuildFile; fileRef = 95AAE72F279549EE000282E0 /* UIView+TransitonColor.m */; };
		95AAE73327954B9C000282E0 /* UIImage+Category.m in Sources */ = {isa = PBXBuildFile; fileRef = 95AAE73227954B9C000282E0 /* UIImage+Category.m */; };
		95AAE73627954C10000282E0 /* UIColor+HexColor.m in Sources */ = {isa = PBXBuildFile; fileRef = 95AAE73527954C10000282E0 /* UIColor+HexColor.m */; };
		95AAE73927954CD2000282E0 /* NSString+Category.m in Sources */ = {isa = PBXBuildFile; fileRef = 95AAE73827954CD2000282E0 /* NSString+Category.m */; };
		95AAE73C27954E0C000282E0 /* UIButton+Category.m in Sources */ = {isa = PBXBuildFile; fileRef = 95AAE73B27954E0C000282E0 /* UIButton+Category.m */; };
		95AAE73F279552F4000282E0 /* LNavigationBar.m in Sources */ = {isa = PBXBuildFile; fileRef = 95AAE73E279552F4000282E0 /* LNavigationBar.m */; };
		95DB440F2779E0BA00BC8062 /* CBTabBarController.m in Sources */ = {isa = PBXBuildFile; fileRef = 95DB440E2779E0BA00BC8062 /* CBTabBarController.m */; };
		95DB44122779E5D800BC8062 /* CBTabBarButton.m in Sources */ = {isa = PBXBuildFile; fileRef = 95DB44112779E5D800BC8062 /* CBTabBarButton.m */; };
		95DB44152779E61500BC8062 /* CBTabBar.m in Sources */ = {isa = PBXBuildFile; fileRef = 95DB44142779E61500BC8062 /* CBTabBar.m */; };
		9D8159865A7CC4D6F28C4D8C /* Pods_dysxTests.framework in Frameworks */ = {isa = PBXBuildFile; fileRef = 7B0D324A78950A511AD55115 /* Pods_dysxTests.framework */; };
/* End PBXBuildFile section */

/* Begin PBXContainerItemProxy section */
		88D5F401275DB12600B7082A /* PBXContainerItemProxy */ = {
			isa = PBXContainerItemProxy;
			containerPortal = 88D5F3DD275DB12100B7082A /* Project object */;
			proxyType = 1;
			remoteGlobalIDString = 88D5F3E4275DB12100B7082A;
			remoteInfo = dysx;
		};
		88D5F40B275DB12600B7082A /* PBXContainerItemProxy */ = {
			isa = PBXContainerItemProxy;
			containerPortal = 88D5F3DD275DB12100B7082A /* Project object */;
			proxyType = 1;
			remoteGlobalIDString = 88D5F3E4275DB12100B7082A;
			remoteInfo = dysx;
		};
/* End PBXContainerItemProxy section */

/* Begin PBXFileReference section */
		0623448A277B3FDA006173EB /* UIView+CBWL.h */ = {isa = PBXFileReference; lastKnownFileType = sourcecode.c.h; path = "UIView+CBWL.h"; sourceTree = "<group>"; };
		0623448B277B3FDA006173EB /* UIView+CBWL.m */ = {isa = PBXFileReference; lastKnownFileType = sourcecode.c.objc; path = "UIView+CBWL.m"; sourceTree = "<group>"; };
		120E99C4E3153BE8BAD42DC3 /* Pods-dysx.release.xcconfig */ = {isa = PBXFileReference; includeInIndex = 1; lastKnownFileType = text.xcconfig; name = "Pods-dysx.release.xcconfig"; path = "Target Support Files/Pods-dysx/Pods-dysx.release.xcconfig"; sourceTree = "<group>"; };
		130FCFD9F4992BFC9F82362D /* Pods-dysx-dysxUITests.release.xcconfig */ = {isa = PBXFileReference; includeInIndex = 1; lastKnownFileType = text.xcconfig; name = "Pods-dysx-dysxUITests.release.xcconfig"; path = "Target Support Files/Pods-dysx-dysxUITests/Pods-dysx-dysxUITests.release.xcconfig"; sourceTree = "<group>"; };
		270B558323A4C9A30B17773A /* Pods-dysx.debug.xcconfig */ = {isa = PBXFileReference; includeInIndex = 1; lastKnownFileType = text.xcconfig; name = "Pods-dysx.debug.xcconfig"; path = "Target Support Files/Pods-dysx/Pods-dysx.debug.xcconfig"; sourceTree = "<group>"; };
		465C56E1770C6A1AD4049932 /* Pods_dysx.framework */ = {isa = PBXFileReference; explicitFileType = wrapper.framework; includeInIndex = 0; path = Pods_dysx.framework; sourceTree = BUILT_PRODUCTS_DIR; };
		4EBB53A1A42A0B4B57BC1FE5 /* Pods-dysxTests.release.xcconfig */ = {isa = PBXFileReference; includeInIndex = 1; lastKnownFileType = text.xcconfig; name = "Pods-dysxTests.release.xcconfig"; path = "Target Support Files/Pods-dysxTests/Pods-dysxTests.release.xcconfig"; sourceTree = "<group>"; };
		614DF5C5146C654DD7D41278 /* Pods-dysx-dysxUITests.debug.xcconfig */ = {isa = PBXFileReference; includeInIndex = 1; lastKnownFileType = text.xcconfig; name = "Pods-dysx-dysxUITests.debug.xcconfig"; path = "Target Support Files/Pods-dysx-dysxUITests/Pods-dysx-dysxUITests.debug.xcconfig"; sourceTree = "<group>"; };
		763CBBC94FC40A4CECA3D951 /* Pods-dysxTests.debug.xcconfig */ = {isa = PBXFileReference; includeInIndex = 1; lastKnownFileType = text.xcconfig; name = "Pods-dysxTests.debug.xcconfig"; path = "Target Support Files/Pods-dysxTests/Pods-dysxTests.debug.xcconfig"; sourceTree = "<group>"; };
		7B0D324A78950A511AD55115 /* Pods_dysxTests.framework */ = {isa = PBXFileReference; explicitFileType = wrapper.framework; includeInIndex = 0; path = Pods_dysxTests.framework; sourceTree = BUILT_PRODUCTS_DIR; };
		88D5F3E5275DB12200B7082A /* dysx.app */ = {isa = PBXFileReference; explicitFileType = wrapper.application; includeInIndex = 0; path = dysx.app; sourceTree = BUILT_PRODUCTS_DIR; };
		88D5F3E8275DB12200B7082A /* AppDelegate.h */ = {isa = PBXFileReference; lastKnownFileType = sourcecode.c.h; path = AppDelegate.h; sourceTree = "<group>"; };
		88D5F3E9275DB12200B7082A /* AppDelegate.m */ = {isa = PBXFileReference; lastKnownFileType = sourcecode.c.objc; path = AppDelegate.m; sourceTree = "<group>"; };
		88D5F3F4275DB12600B7082A /* Assets.xcassets */ = {isa = PBXFileReference; lastKnownFileType = folder.assetcatalog; path = Assets.xcassets; sourceTree = "<group>"; };
		88D5F3F9275DB12600B7082A /* Info.plist */ = {isa = PBXFileReference; lastKnownFileType = text.plist.xml; path = Info.plist; sourceTree = "<group>"; };
		88D5F3FA275DB12600B7082A /* main.m */ = {isa = PBXFileReference; lastKnownFileType = sourcecode.c.objc; path = main.m; sourceTree = "<group>"; };
		88D5F400275DB12600B7082A /* dysxTests.xctest */ = {isa = PBXFileReference; explicitFileType = wrapper.cfbundle; includeInIndex = 0; path = dysxTests.xctest; sourceTree = BUILT_PRODUCTS_DIR; };
		88D5F404275DB12600B7082A /* dysxTests.m */ = {isa = PBXFileReference; lastKnownFileType = sourcecode.c.objc; path = dysxTests.m; sourceTree = "<group>"; };
		88D5F40A275DB12600B7082A /* dysxUITests.xctest */ = {isa = PBXFileReference; explicitFileType = wrapper.cfbundle; includeInIndex = 0; path = dysxUITests.xctest; sourceTree = BUILT_PRODUCTS_DIR; };
		88D5F40E275DB12600B7082A /* dysxUITests.m */ = {isa = PBXFileReference; lastKnownFileType = sourcecode.c.objc; path = dysxUITests.m; sourceTree = "<group>"; };
		88D5F410275DB12600B7082A /* dysxUITestsLaunchTests.m */ = {isa = PBXFileReference; lastKnownFileType = sourcecode.c.objc; path = dysxUITestsLaunchTests.m; sourceTree = "<group>"; };
		88D5F41D275DB1FF00B7082A /* BaseNavigationController.h */ = {isa = PBXFileReference; fileEncoding = 4; lastKnownFileType = sourcecode.c.h; path = BaseNavigationController.h; sourceTree = "<group>"; };
		88D5F41E275DB1FF00B7082A /* MainViewController.m */ = {isa = PBXFileReference; fileEncoding = 4; lastKnownFileType = sourcecode.c.objc; path = MainViewController.m; sourceTree = "<group>"; };
		88D5F41F275DB1FF00B7082A /* PrefixHeader.pch */ = {isa = PBXFileReference; fileEncoding = 4; lastKnownFileType = sourcecode.c.h; path = PrefixHeader.pch; sourceTree = "<group>"; };
		88D5F420275DB1FF00B7082A /* BaseViewController.h */ = {isa = PBXFileReference; fileEncoding = 4; lastKnownFileType = sourcecode.c.h; path = BaseViewController.h; sourceTree = "<group>"; };
		88D5F421275DB1FF00B7082A /* BaseNavigationController.m */ = {isa = PBXFileReference; fileEncoding = 4; lastKnownFileType = sourcecode.c.objc; path = BaseNavigationController.m; sourceTree = "<group>"; };
		88D5F422275DB1FF00B7082A /* BaseViewController.m */ = {isa = PBXFileReference; fileEncoding = 4; lastKnownFileType = sourcecode.c.objc; path = BaseViewController.m; sourceTree = "<group>"; };
		88D5F423275DB1FF00B7082A /* MineViewController.h */ = {isa = PBXFileReference; fileEncoding = 4; lastKnownFileType = sourcecode.c.h; path = MineViewController.h; sourceTree = "<group>"; };
		88D5F424275DB1FF00B7082A /* MineViewController.m */ = {isa = PBXFileReference; fileEncoding = 4; lastKnownFileType = sourcecode.c.objc; path = MineViewController.m; sourceTree = "<group>"; };
		88D5F425275DB1FF00B7082A /* MainViewController.h */ = {isa = PBXFileReference; fileEncoding = 4; lastKnownFileType = sourcecode.c.h; path = MainViewController.h; sourceTree = "<group>"; };
		9578238C279275C800A4AAC1 /* CustomTools.h */ = {isa = PBXFileReference; lastKnownFileType = sourcecode.c.h; path = CustomTools.h; sourceTree = "<group>"; };
		9578238D279275C800A4AAC1 /* CustomTools.m */ = {isa = PBXFileReference; lastKnownFileType = sourcecode.c.objc; path = CustomTools.m; sourceTree = "<group>"; };
		957E98DE27965542006880A9 /* EditProfileViewController.h */ = {isa = PBXFileReference; lastKnownFileType = sourcecode.c.h; path = EditProfileViewController.h; sourceTree = "<group>"; };
		957E98DF27965542006880A9 /* EditProfileViewController.m */ = {isa = PBXFileReference; lastKnownFileType = sourcecode.c.objc; path = EditProfileViewController.m; sourceTree = "<group>"; };
		9599C7712797EA520031F360 /* HelpView.h */ = {isa = PBXFileReference; lastKnownFileType = sourcecode.c.h; path = HelpView.h; sourceTree = "<group>"; };
		9599C7722797EA520031F360 /* HelpView.m */ = {isa = PBXFileReference; lastKnownFileType = sourcecode.c.objc; path = HelpView.m; sourceTree = "<group>"; };
		959EEBDD27914F45007A8200 /* LTabBarController.h */ = {isa = PBXFileReference; lastKnownFileType = sourcecode.c.h; path = LTabBarController.h; sourceTree = "<group>"; };
		959EEBDE27914F45007A8200 /* LTabBarController.m */ = {isa = PBXFileReference; lastKnownFileType = sourcecode.c.objc; path = LTabBarController.m; sourceTree = "<group>"; };
		959EEBE027914F6C007A8200 /* LTabBar.h */ = {isa = PBXFileReference; lastKnownFileType = sourcecode.c.h; path = LTabBar.h; sourceTree = "<group>"; };
		959EEBE127914F6C007A8200 /* LTabBar.m */ = {isa = PBXFileReference; lastKnownFileType = sourcecode.c.objc; path = LTabBar.m; sourceTree = "<group>"; };
		959EEBE327915E86007A8200 /* LTabBarButton.h */ = {isa = PBXFileReference; lastKnownFileType = sourcecode.c.h; path = LTabBarButton.h; sourceTree = "<group>"; };
		959EEBE427915E86007A8200 /* LTabBarButton.m */ = {isa = PBXFileReference; lastKnownFileType = sourcecode.c.objc; path = LTabBarButton.m; sourceTree = "<group>"; };
		95AAE71627950EEE000282E0 /* mineTableViewCell.h */ = {isa = PBXFileReference; lastKnownFileType = sourcecode.c.h; path = mineTableViewCell.h; sourceTree = "<group>"; };
		95AAE71727950EEE000282E0 /* mineTableViewCell.m */ = {isa = PBXFileReference; lastKnownFileType = sourcecode.c.objc; path = mineTableViewCell.m; sourceTree = "<group>"; };
		95AAE7192795136B000282E0 /* ServiceViewController.h */ = {isa = PBXFileReference; lastKnownFileType = sourcecode.c.h; path = ServiceViewController.h; sourceTree = "<group>"; };
		95AAE71A2795136B000282E0 /* ServiceViewController.m */ = {isa = PBXFileReference; lastKnownFileType = sourcecode.c.objc; path = ServiceViewController.m; sourceTree = "<group>"; };
		95AAE71C279513A5000282E0 /* PhotoViewController.h */ = {isa = PBXFileReference; lastKnownFileType = sourcecode.c.h; path = PhotoViewController.h; sourceTree = "<group>"; };
		95AAE71D279513A5000282E0 /* PhotoViewController.m */ = {isa = PBXFileReference; lastKnownFileType = sourcecode.c.objc; path = PhotoViewController.m; sourceTree = "<group>"; };
		95AAE71F279513F6000282E0 /* ProfileViewController.h */ = {isa = PBXFileReference; lastKnownFileType = sourcecode.c.h; path = ProfileViewController.h; sourceTree = "<group>"; };
		95AAE720279513F6000282E0 /* ProfileViewController.m */ = {isa = PBXFileReference; lastKnownFileType = sourcecode.c.objc; path = ProfileViewController.m; sourceTree = "<group>"; };
		95AAE72227951417000282E0 /* HelpViewController.h */ = {isa = PBXFileReference; lastKnownFileType = sourcecode.c.h; path = HelpViewController.h; sourceTree = "<group>"; };
		95AAE72327951417000282E0 /* HelpViewController.m */ = {isa = PBXFileReference; lastKnownFileType = sourcecode.c.objc; path = HelpViewController.m; sourceTree = "<group>"; };
		95AAE72527951436000282E0 /* QAViewController.h */ = {isa = PBXFileReference; lastKnownFileType = sourcecode.c.h; path = QAViewController.h; sourceTree = "<group>"; };
		95AAE72627951436000282E0 /* QAViewController.m */ = {isa = PBXFileReference; lastKnownFileType = sourcecode.c.objc; path = QAViewController.m; sourceTree = "<group>"; };
		95AAE7282795144A000282E0 /* FBViewController.h */ = {isa = PBXFileReference; lastKnownFileType = sourcecode.c.h; path = FBViewController.h; sourceTree = "<group>"; };
		95AAE7292795144A000282E0 /* FBViewController.m */ = {isa = PBXFileReference; lastKnownFileType = sourcecode.c.objc; path = FBViewController.m; sourceTree = "<group>"; };
		95AAE72B2795146B000282E0 /* SetViewController.h */ = {isa = PBXFileReference; lastKnownFileType = sourcecode.c.h; path = SetViewController.h; sourceTree = "<group>"; };
		95AAE72C2795146B000282E0 /* SetViewController.m */ = {isa = PBXFileReference; lastKnownFileType = sourcecode.c.objc; path = SetViewController.m; sourceTree = "<group>"; };
		95AAE72E279549EE000282E0 /* UIView+TransitonColor.h */ = {isa = PBXFileReference; lastKnownFileType = sourcecode.c.h; path = "UIView+TransitonColor.h"; sourceTree = "<group>"; };
		95AAE72F279549EE000282E0 /* UIView+TransitonColor.m */ = {isa = PBXFileReference; lastKnownFileType = sourcecode.c.objc; path = "UIView+TransitonColor.m"; sourceTree = "<group>"; };
		95AAE73127954B9C000282E0 /* UIImage+Category.h */ = {isa = PBXFileReference; lastKnownFileType = sourcecode.c.h; path = "UIImage+Category.h"; sourceTree = "<group>"; };
		95AAE73227954B9C000282E0 /* UIImage+Category.m */ = {isa = PBXFileReference; lastKnownFileType = sourcecode.c.objc; path = "UIImage+Category.m"; sourceTree = "<group>"; };
		95AAE73427954C10000282E0 /* UIColor+HexColor.h */ = {isa = PBXFileReference; lastKnownFileType = sourcecode.c.h; path = "UIColor+HexColor.h"; sourceTree = "<group>"; };
		95AAE73527954C10000282E0 /* UIColor+HexColor.m */ = {isa = PBXFileReference; lastKnownFileType = sourcecode.c.objc; path = "UIColor+HexColor.m"; sourceTree = "<group>"; };
		95AAE73727954CD2000282E0 /* NSString+Category.h */ = {isa = PBXFileReference; lastKnownFileType = sourcecode.c.h; path = "NSString+Category.h"; sourceTree = "<group>"; };
		95AAE73827954CD2000282E0 /* NSString+Category.m */ = {isa = PBXFileReference; lastKnownFileType = sourcecode.c.objc; path = "NSString+Category.m"; sourceTree = "<group>"; };
		95AAE73A27954E0C000282E0 /* UIButton+Category.h */ = {isa = PBXFileReference; lastKnownFileType = sourcecode.c.h; path = "UIButton+Category.h"; sourceTree = "<group>"; };
		95AAE73B27954E0C000282E0 /* UIButton+Category.m */ = {isa = PBXFileReference; lastKnownFileType = sourcecode.c.objc; path = "UIButton+Category.m"; sourceTree = "<group>"; };
		95AAE73D279552F4000282E0 /* LNavigationBar.h */ = {isa = PBXFileReference; lastKnownFileType = sourcecode.c.h; path = LNavigationBar.h; sourceTree = "<group>"; };
		95AAE73E279552F4000282E0 /* LNavigationBar.m */ = {isa = PBXFileReference; lastKnownFileType = sourcecode.c.objc; path = LNavigationBar.m; sourceTree = "<group>"; };
		95DB440D2779E0BA00BC8062 /* CBTabBarController.h */ = {isa = PBXFileReference; lastKnownFileType = sourcecode.c.h; path = CBTabBarController.h; sourceTree = "<group>"; };
		95DB440E2779E0BA00BC8062 /* CBTabBarController.m */ = {isa = PBXFileReference; lastKnownFileType = sourcecode.c.objc; path = CBTabBarController.m; sourceTree = "<group>"; };
		95DB44102779E5D800BC8062 /* CBTabBarButton.h */ = {isa = PBXFileReference; lastKnownFileType = sourcecode.c.h; path = CBTabBarButton.h; sourceTree = "<group>"; };
		95DB44112779E5D800BC8062 /* CBTabBarButton.m */ = {isa = PBXFileReference; lastKnownFileType = sourcecode.c.objc; path = CBTabBarButton.m; sourceTree = "<group>"; };
		95DB44132779E61500BC8062 /* CBTabBar.h */ = {isa = PBXFileReference; lastKnownFileType = sourcecode.c.h; path = CBTabBar.h; sourceTree = "<group>"; };
		95DB44142779E61500BC8062 /* CBTabBar.m */ = {isa = PBXFileReference; lastKnownFileType = sourcecode.c.objc; path = CBTabBar.m; sourceTree = "<group>"; };
		E4F19F6A2FD702BF4828F4DD /* Pods_dysx_dysxUITests.framework */ = {isa = PBXFileReference; explicitFileType = wrapper.framework; includeInIndex = 0; path = Pods_dysx_dysxUITests.framework; sourceTree = BUILT_PRODUCTS_DIR; };
/* End PBXFileReference section */

/* Begin PBXFrameworksBuildPhase section */
		88D5F3E2275DB12100B7082A /* Frameworks */ = {
			isa = PBXFrameworksBuildPhase;
			buildActionMask = 2147483647;
			files = (
				468D7AFD8D98599EA2579360 /* Pods_dysx.framework in Frameworks */,
			);
			runOnlyForDeploymentPostprocessing = 0;
		};
		88D5F3FD275DB12600B7082A /* Frameworks */ = {
			isa = PBXFrameworksBuildPhase;
			buildActionMask = 2147483647;
			files = (
				9D8159865A7CC4D6F28C4D8C /* Pods_dysxTests.framework in Frameworks */,
			);
			runOnlyForDeploymentPostprocessing = 0;
		};
		88D5F407275DB12600B7082A /* Frameworks */ = {
			isa = PBXFrameworksBuildPhase;
			buildActionMask = 2147483647;
			files = (
				8997E5A61CD45EA859DF2403 /* Pods_dysx_dysxUITests.framework in Frameworks */,
			);
			runOnlyForDeploymentPostprocessing = 0;
		};
/* End PBXFrameworksBuildPhase section */

/* Begin PBXGroup section */
		06234489277B3E49006173EB /* Catagory */ = {
			isa = PBXGroup;
			children = (
				0623448A277B3FDA006173EB /* UIView+CBWL.h */,
				0623448B277B3FDA006173EB /* UIView+CBWL.m */,
				95AAE72E279549EE000282E0 /* UIView+TransitonColor.h */,
				95AAE72F279549EE000282E0 /* UIView+TransitonColor.m */,
				95AAE73127954B9C000282E0 /* UIImage+Category.h */,
				95AAE73227954B9C000282E0 /* UIImage+Category.m */,
				95AAE73427954C10000282E0 /* UIColor+HexColor.h */,
				95AAE73527954C10000282E0 /* UIColor+HexColor.m */,
				95AAE73727954CD2000282E0 /* NSString+Category.h */,
				95AAE73827954CD2000282E0 /* NSString+Category.m */,
				95AAE73A27954E0C000282E0 /* UIButton+Category.h */,
				95AAE73B27954E0C000282E0 /* UIButton+Category.m */,
			);
			path = Catagory;
			sourceTree = "<group>";
		};
		2276144E48D1C2FA62803A1D /* Pods */ = {
			isa = PBXGroup;
			children = (
				270B558323A4C9A30B17773A /* Pods-dysx.debug.xcconfig */,
				120E99C4E3153BE8BAD42DC3 /* Pods-dysx.release.xcconfig */,
				614DF5C5146C654DD7D41278 /* Pods-dysx-dysxUITests.debug.xcconfig */,
				130FCFD9F4992BFC9F82362D /* Pods-dysx-dysxUITests.release.xcconfig */,
				763CBBC94FC40A4CECA3D951 /* Pods-dysxTests.debug.xcconfig */,
				4EBB53A1A42A0B4B57BC1FE5 /* Pods-dysxTests.release.xcconfig */,
			);
			path = Pods;
			sourceTree = "<group>";
		};
		88D5F3DC275DB12100B7082A = {
			isa = PBXGroup;
			children = (
				88D5F3E7275DB12200B7082A /* dysx */,
				88D5F403275DB12600B7082A /* dysxTests */,
				88D5F40D275DB12600B7082A /* dysxUITests */,
				88D5F3E6275DB12200B7082A /* Products */,
				2276144E48D1C2FA62803A1D /* Pods */,
				8E64D5A3B8AE24ECD6645DFD /* Frameworks */,
			);
			sourceTree = "<group>";
		};
		88D5F3E6275DB12200B7082A /* Products */ = {
			isa = PBXGroup;
			children = (
				88D5F3E5275DB12200B7082A /* dysx.app */,
				88D5F400275DB12600B7082A /* dysxTests.xctest */,
				88D5F40A275DB12600B7082A /* dysxUITests.xctest */,
			);
			name = Products;
			sourceTree = "<group>";
		};
		88D5F3E7275DB12200B7082A /* dysx */ = {
			isa = PBXGroup;
			children = (
				88D5F3E8275DB12200B7082A /* AppDelegate.h */,
				88D5F3E9275DB12200B7082A /* AppDelegate.m */,
				88D5F41D275DB1FF00B7082A /* BaseNavigationController.h */,
				88D5F421275DB1FF00B7082A /* BaseNavigationController.m */,
				88D5F420275DB1FF00B7082A /* BaseViewController.h */,
				88D5F422275DB1FF00B7082A /* BaseViewController.m */,
				95AAE73D279552F4000282E0 /* LNavigationBar.h */,
				95AAE73E279552F4000282E0 /* LNavigationBar.m */,
				959EEBDD27914F45007A8200 /* LTabBarController.h */,
				959EEBDE27914F45007A8200 /* LTabBarController.m */,
				959EEBE027914F6C007A8200 /* LTabBar.h */,
				959EEBE127914F6C007A8200 /* LTabBar.m */,
				959EEBE327915E86007A8200 /* LTabBarButton.h */,
				959EEBE427915E86007A8200 /* LTabBarButton.m */,
				95DB440D2779E0BA00BC8062 /* CBTabBarController.h */,
				95DB440E2779E0BA00BC8062 /* CBTabBarController.m */,
				95DB44102779E5D800BC8062 /* CBTabBarButton.h */,
				95DB44112779E5D800BC8062 /* CBTabBarButton.m */,
				95DB44132779E61500BC8062 /* CBTabBar.h */,
				95DB44142779E61500BC8062 /* CBTabBar.m */,
				88D5F425275DB1FF00B7082A /* MainViewController.h */,
				88D5F41E275DB1FF00B7082A /* MainViewController.m */,
				88D5F423275DB1FF00B7082A /* MineViewController.h */,
				88D5F424275DB1FF00B7082A /* MineViewController.m */,
				95AAE7192795136B000282E0 /* ServiceViewController.h */,
				95AAE71A2795136B000282E0 /* ServiceViewController.m */,
				95AAE71C279513A5000282E0 /* PhotoViewController.h */,
				95AAE71D279513A5000282E0 /* PhotoViewController.m */,
				95AAE71F279513F6000282E0 /* ProfileViewController.h */,
				95AAE720279513F6000282E0 /* ProfileViewController.m */,
				957E98DE27965542006880A9 /* EditProfileViewController.h */,
				957E98DF27965542006880A9 /* EditProfileViewController.m */,
				95AAE72227951417000282E0 /* HelpViewController.h */,
				95AAE72327951417000282E0 /* HelpViewController.m */,
				9599C7712797EA520031F360 /* HelpView.h */,
				9599C7722797EA520031F360 /* HelpView.m */,
				95AAE72527951436000282E0 /* QAViewController.h */,
				95AAE72627951436000282E0 /* QAViewController.m */,
				95AAE7282795144A000282E0 /* FBViewController.h */,
				95AAE7292795144A000282E0 /* FBViewController.m */,
				95AAE72B2795146B000282E0 /* SetViewController.h */,
				95AAE72C2795146B000282E0 /* SetViewController.m */,
				95AAE71627950EEE000282E0 /* mineTableViewCell.h */,
				95AAE71727950EEE000282E0 /* mineTableViewCell.m */,
				88D5F41F275DB1FF00B7082A /* PrefixHeader.pch */,
				9578238C279275C800A4AAC1 /* CustomTools.h */,
				9578238D279275C800A4AAC1 /* CustomTools.m */,
				88D5F3F4275DB12600B7082A /* Assets.xcassets */,
				88D5F3F9275DB12600B7082A /* Info.plist */,
				88D5F3FA275DB12600B7082A /* main.m */,
				06234489277B3E49006173EB /* Catagory */,
			);
			path = dysx;
			sourceTree = "<group>";
		};
		88D5F403275DB12600B7082A /* dysxTests */ = {
			isa = PBXGroup;
			children = (
				88D5F404275DB12600B7082A /* dysxTests.m */,
			);
			path = dysxTests;
			sourceTree = "<group>";
		};
		88D5F40D275DB12600B7082A /* dysxUITests */ = {
			isa = PBXGroup;
			children = (
				88D5F40E275DB12600B7082A /* dysxUITests.m */,
				88D5F410275DB12600B7082A /* dysxUITestsLaunchTests.m */,
			);
			path = dysxUITests;
			sourceTree = "<group>";
		};
		8E64D5A3B8AE24ECD6645DFD /* Frameworks */ = {
			isa = PBXGroup;
			children = (
				465C56E1770C6A1AD4049932 /* Pods_dysx.framework */,
				E4F19F6A2FD702BF4828F4DD /* Pods_dysx_dysxUITests.framework */,
				7B0D324A78950A511AD55115 /* Pods_dysxTests.framework */,
			);
			name = Frameworks;
			sourceTree = "<group>";
		};
/* End PBXGroup section */

/* Begin PBXNativeTarget section */
		88D5F3E4275DB12100B7082A /* dysx */ = {
			isa = PBXNativeTarget;
			buildConfigurationList = 88D5F414275DB12600B7082A /* Build configuration list for PBXNativeTarget "dysx" */;
			buildPhases = (
				2205DCB17B93289E31BC841F /* [CP] Check Pods Manifest.lock */,
				88D5F3E1275DB12100B7082A /* Sources */,
				88D5F3E2275DB12100B7082A /* Frameworks */,
				88D5F3E3275DB12100B7082A /* Resources */,
				10AD2CBBC095063BD0CC426F /* [CP] Embed Pods Frameworks */,
			);
			buildRules = (
			);
			dependencies = (
			);
			name = dysx;
			productName = dysx;
			productReference = 88D5F3E5275DB12200B7082A /* dysx.app */;
			productType = "com.apple.product-type.application";
		};
		88D5F3FF275DB12600B7082A /* dysxTests */ = {
			isa = PBXNativeTarget;
			buildConfigurationList = 88D5F417275DB12600B7082A /* Build configuration list for PBXNativeTarget "dysxTests" */;
			buildPhases = (
				E4506FB193304411FEDBF856 /* [CP] Check Pods Manifest.lock */,
				88D5F3FC275DB12600B7082A /* Sources */,
				88D5F3FD275DB12600B7082A /* Frameworks */,
				88D5F3FE275DB12600B7082A /* Resources */,
			);
			buildRules = (
			);
			dependencies = (
				88D5F402275DB12600B7082A /* PBXTargetDependency */,
			);
			name = dysxTests;
			productName = dysxTests;
			productReference = 88D5F400275DB12600B7082A /* dysxTests.xctest */;
			productType = "com.apple.product-type.bundle.unit-test";
		};
		88D5F409275DB12600B7082A /* dysxUITests */ = {
			isa = PBXNativeTarget;
			buildConfigurationList = 88D5F41A275DB12600B7082A /* Build configuration list for PBXNativeTarget "dysxUITests" */;
			buildPhases = (
				801BE4BD8E4EB2407201F168 /* [CP] Check Pods Manifest.lock */,
				88D5F406275DB12600B7082A /* Sources */,
				88D5F407275DB12600B7082A /* Frameworks */,
				88D5F408275DB12600B7082A /* Resources */,
				75BFC3E2AD6094C6B46B56DD /* [CP] Embed Pods Frameworks */,
			);
			buildRules = (
			);
			dependencies = (
				88D5F40C275DB12600B7082A /* PBXTargetDependency */,
			);
			name = dysxUITests;
			productName = dysxUITests;
			productReference = 88D5F40A275DB12600B7082A /* dysxUITests.xctest */;
			productType = "com.apple.product-type.bundle.ui-testing";
		};
/* End PBXNativeTarget section */

/* Begin PBXProject section */
		88D5F3DD275DB12100B7082A /* Project object */ = {
			isa = PBXProject;
			attributes = {
				LastUpgradeCheck = 1310;
				TargetAttributes = {
					88D5F3E4275DB12100B7082A = {
						CreatedOnToolsVersion = 13.1;
					};
					88D5F3FF275DB12600B7082A = {
						CreatedOnToolsVersion = 13.1;
						TestTargetID = 88D5F3E4275DB12100B7082A;
					};
					88D5F409275DB12600B7082A = {
						CreatedOnToolsVersion = 13.1;
						TestTargetID = 88D5F3E4275DB12100B7082A;
					};
				};
			};
			buildConfigurationList = 88D5F3E0275DB12100B7082A /* Build configuration list for PBXProject "dysx" */;
			compatibilityVersion = "Xcode 9.3";
			developmentRegion = en;
			hasScannedForEncodings = 0;
			knownRegions = (
				en,
				Base,
			);
			mainGroup = 88D5F3DC275DB12100B7082A;
			productRefGroup = 88D5F3E6275DB12200B7082A /* Products */;
			projectDirPath = "";
			projectRoot = "";
			targets = (
				88D5F3E4275DB12100B7082A /* dysx */,
				88D5F3FF275DB12600B7082A /* dysxTests */,
				88D5F409275DB12600B7082A /* dysxUITests */,
			);
		};
/* End PBXProject section */

/* Begin PBXResourcesBuildPhase section */
		88D5F3E3275DB12100B7082A /* Resources */ = {
			isa = PBXResourcesBuildPhase;
			buildActionMask = 2147483647;
			files = (
				88D5F3F5275DB12600B7082A /* Assets.xcassets in Resources */,
			);
			runOnlyForDeploymentPostprocessing = 0;
		};
		88D5F3FE275DB12600B7082A /* Resources */ = {
			isa = PBXResourcesBuildPhase;
			buildActionMask = 2147483647;
			files = (
			);
			runOnlyForDeploymentPostprocessing = 0;
		};
		88D5F408275DB12600B7082A /* Resources */ = {
			isa = PBXResourcesBuildPhase;
			buildActionMask = 2147483647;
			files = (
			);
			runOnlyForDeploymentPostprocessing = 0;
		};
/* End PBXResourcesBuildPhase section */

/* Begin PBXShellScriptBuildPhase section */
		10AD2CBBC095063BD0CC426F /* [CP] Embed Pods Frameworks */ = {
			isa = PBXShellScriptBuildPhase;
			buildActionMask = 2147483647;
			files = (
			);
			inputFileListPaths = (
				"${PODS_ROOT}/Target Support Files/Pods-dysx/Pods-dysx-frameworks-${CONFIGURATION}-input-files.xcfilelist",
			);
			name = "[CP] Embed Pods Frameworks";
			outputFileListPaths = (
				"${PODS_ROOT}/Target Support Files/Pods-dysx/Pods-dysx-frameworks-${CONFIGURATION}-output-files.xcfilelist",
			);
			runOnlyForDeploymentPostprocessing = 0;
			shellPath = /bin/sh;
			shellScript = "\"${PODS_ROOT}/Target Support Files/Pods-dysx/Pods-dysx-frameworks.sh\"\n";
			showEnvVarsInLog = 0;
		};
		2205DCB17B93289E31BC841F /* [CP] Check Pods Manifest.lock */ = {
			isa = PBXShellScriptBuildPhase;
			buildActionMask = 2147483647;
			files = (
			);
			inputFileListPaths = (
			);
			inputPaths = (
				"${PODS_PODFILE_DIR_PATH}/Podfile.lock",
				"${PODS_ROOT}/Manifest.lock",
			);
			name = "[CP] Check Pods Manifest.lock";
			outputFileListPaths = (
			);
			outputPaths = (
				"$(DERIVED_FILE_DIR)/Pods-dysx-checkManifestLockResult.txt",
			);
			runOnlyForDeploymentPostprocessing = 0;
			shellPath = /bin/sh;
			shellScript = "diff \"${PODS_PODFILE_DIR_PATH}/Podfile.lock\" \"${PODS_ROOT}/Manifest.lock\" > /dev/null\nif [ $? != 0 ] ; then\n    # print error to STDERR\n    echo \"error: The sandbox is not in sync with the Podfile.lock. Run 'pod install' or update your CocoaPods installation.\" >&2\n    exit 1\nfi\n# This output is used by Xcode 'outputs' to avoid re-running this script phase.\necho \"SUCCESS\" > \"${SCRIPT_OUTPUT_FILE_0}\"\n";
			showEnvVarsInLog = 0;
		};
		75BFC3E2AD6094C6B46B56DD /* [CP] Embed Pods Frameworks */ = {
			isa = PBXShellScriptBuildPhase;
			buildActionMask = 2147483647;
			files = (
			);
			inputFileListPaths = (
				"${PODS_ROOT}/Target Support Files/Pods-dysx-dysxUITests/Pods-dysx-dysxUITests-frameworks-${CONFIGURATION}-input-files.xcfilelist",
			);
			name = "[CP] Embed Pods Frameworks";
			outputFileListPaths = (
				"${PODS_ROOT}/Target Support Files/Pods-dysx-dysxUITests/Pods-dysx-dysxUITests-frameworks-${CONFIGURATION}-output-files.xcfilelist",
			);
			runOnlyForDeploymentPostprocessing = 0;
			shellPath = /bin/sh;
			shellScript = "\"${PODS_ROOT}/Target Support Files/Pods-dysx-dysxUITests/Pods-dysx-dysxUITests-frameworks.sh\"\n";
			showEnvVarsInLog = 0;
		};
		801BE4BD8E4EB2407201F168 /* [CP] Check Pods Manifest.lock */ = {
			isa = PBXShellScriptBuildPhase;
			buildActionMask = 2147483647;
			files = (
			);
			inputFileListPaths = (
			);
			inputPaths = (
				"${PODS_PODFILE_DIR_PATH}/Podfile.lock",
				"${PODS_ROOT}/Manifest.lock",
			);
			name = "[CP] Check Pods Manifest.lock";
			outputFileListPaths = (
			);
			outputPaths = (
				"$(DERIVED_FILE_DIR)/Pods-dysx-dysxUITests-checkManifestLockResult.txt",
			);
			runOnlyForDeploymentPostprocessing = 0;
			shellPath = /bin/sh;
			shellScript = "diff \"${PODS_PODFILE_DIR_PATH}/Podfile.lock\" \"${PODS_ROOT}/Manifest.lock\" > /dev/null\nif [ $? != 0 ] ; then\n    # print error to STDERR\n    echo \"error: The sandbox is not in sync with the Podfile.lock. Run 'pod install' or update your CocoaPods installation.\" >&2\n    exit 1\nfi\n# This output is used by Xcode 'outputs' to avoid re-running this script phase.\necho \"SUCCESS\" > \"${SCRIPT_OUTPUT_FILE_0}\"\n";
			showEnvVarsInLog = 0;
		};
		E4506FB193304411FEDBF856 /* [CP] Check Pods Manifest.lock */ = {
			isa = PBXShellScriptBuildPhase;
			buildActionMask = 2147483647;
			files = (
			);
			inputFileListPaths = (
			);
			inputPaths = (
				"${PODS_PODFILE_DIR_PATH}/Podfile.lock",
				"${PODS_ROOT}/Manifest.lock",
			);
			name = "[CP] Check Pods Manifest.lock";
			outputFileListPaths = (
			);
			outputPaths = (
				"$(DERIVED_FILE_DIR)/Pods-dysxTests-checkManifestLockResult.txt",
			);
			runOnlyForDeploymentPostprocessing = 0;
			shellPath = /bin/sh;
			shellScript = "diff \"${PODS_PODFILE_DIR_PATH}/Podfile.lock\" \"${PODS_ROOT}/Manifest.lock\" > /dev/null\nif [ $? != 0 ] ; then\n    # print error to STDERR\n    echo \"error: The sandbox is not in sync with the Podfile.lock. Run 'pod install' or update your CocoaPods installation.\" >&2\n    exit 1\nfi\n# This output is used by Xcode 'outputs' to avoid re-running this script phase.\necho \"SUCCESS\" > \"${SCRIPT_OUTPUT_FILE_0}\"\n";
			showEnvVarsInLog = 0;
		};
/* End PBXShellScriptBuildPhase section */

/* Begin PBXSourcesBuildPhase section */
		88D5F3E1275DB12100B7082A /* Sources */ = {
			isa = PBXSourcesBuildPhase;
			buildActionMask = 2147483647;
			files = (
				959EEBE227914F6C007A8200 /* LTabBar.m in Sources */,
				95DB44122779E5D800BC8062 /* CBTabBarButton.m in Sources */,
				95AAE73F279552F4000282E0 /* LNavigationBar.m in Sources */,
				95AAE72727951436000282E0 /* QAViewController.m in Sources */,
				95AAE73927954CD2000282E0 /* NSString+Category.m in Sources */,
				95AAE71B2795136B000282E0 /* ServiceViewController.m in Sources */,
				88D5F427275DB20000B7082A /* BaseNavigationController.m in Sources */,
				9599C7732797EA520031F360 /* HelpView.m in Sources */,
				95AAE71827950EEE000282E0 /* mineTableViewCell.m in Sources */,
				959EEBDF27914F45007A8200 /* LTabBarController.m in Sources */,
				95AAE72427951417000282E0 /* HelpViewController.m in Sources */,
				88D5F428275DB20000B7082A /* BaseViewController.m in Sources */,
				959EEBE527915E86007A8200 /* LTabBarButton.m in Sources */,
				88D5F3EA275DB12200B7082A /* AppDelegate.m in Sources */,
				957E98E027965542006880A9 /* EditProfileViewController.m in Sources */,
				95AAE73C27954E0C000282E0 /* UIButton+Category.m in Sources */,
				95AAE72A2795144A000282E0 /* FBViewController.m in Sources */,
				95AAE71E279513A5000282E0 /* PhotoViewController.m in Sources */,
				95AAE721279513F6000282E0 /* ProfileViewController.m in Sources */,
				0623448C277B3FDA006173EB /* UIView+CBWL.m in Sources */,
				9578238E279275C800A4AAC1 /* CustomTools.m in Sources */,
				95AAE730279549EE000282E0 /* UIView+TransitonColor.m in Sources */,
				95DB440F2779E0BA00BC8062 /* CBTabBarController.m in Sources */,
				88D5F429275DB20000B7082A /* MineViewController.m in Sources */,
				95DB44152779E61500BC8062 /* CBTabBar.m in Sources */,
				95AAE72D2795146B000282E0 /* SetViewController.m in Sources */,
				88D5F426275DB20000B7082A /* MainViewController.m in Sources */,
				95AAE73627954C10000282E0 /* UIColor+HexColor.m in Sources */,
				88D5F3FB275DB12600B7082A /* main.m in Sources */,
				95AAE73327954B9C000282E0 /* UIImage+Category.m in Sources */,
			);
			runOnlyForDeploymentPostprocessing = 0;
		};
		88D5F3FC275DB12600B7082A /* Sources */ = {
			isa = PBXSourcesBuildPhase;
			buildActionMask = 2147483647;
			files = (
				88D5F405275DB12600B7082A /* dysxTests.m in Sources */,
			);
			runOnlyForDeploymentPostprocessing = 0;
		};
		88D5F406275DB12600B7082A /* Sources */ = {
			isa = PBXSourcesBuildPhase;
			buildActionMask = 2147483647;
			files = (
				88D5F411275DB12600B7082A /* dysxUITestsLaunchTests.m in Sources */,
				88D5F40F275DB12600B7082A /* dysxUITests.m in Sources */,
			);
			runOnlyForDeploymentPostprocessing = 0;
		};
/* End PBXSourcesBuildPhase section */

/* Begin PBXTargetDependency section */
		88D5F402275DB12600B7082A /* PBXTargetDependency */ = {
			isa = PBXTargetDependency;
			target = 88D5F3E4275DB12100B7082A /* dysx */;
			targetProxy = 88D5F401275DB12600B7082A /* PBXContainerItemProxy */;
		};
		88D5F40C275DB12600B7082A /* PBXTargetDependency */ = {
			isa = PBXTargetDependency;
			target = 88D5F3E4275DB12100B7082A /* dysx */;
			targetProxy = 88D5F40B275DB12600B7082A /* PBXContainerItemProxy */;
		};
/* End PBXTargetDependency section */

/* Begin XCBuildConfiguration section */
		88D5F412275DB12600B7082A /* Debug */ = {
			isa = XCBuildConfiguration;
			buildSettings = {
				ALWAYS_SEARCH_USER_PATHS = NO;
				CLANG_ANALYZER_NONNULL = YES;
				CLANG_ANALYZER_NUMBER_OBJECT_CONVERSION = YES_AGGRESSIVE;
				CLANG_CXX_LANGUAGE_STANDARD = "gnu++17";
				CLANG_CXX_LIBRARY = "libc++";
				CLANG_ENABLE_MODULES = YES;
				CLANG_ENABLE_OBJC_ARC = YES;
				CLANG_ENABLE_OBJC_WEAK = YES;
				CLANG_WARN_BLOCK_CAPTURE_AUTORELEASING = YES;
				CLANG_WARN_BOOL_CONVERSION = YES;
				CLANG_WARN_COMMA = YES;
				CLANG_WARN_CONSTANT_CONVERSION = YES;
				CLANG_WARN_DEPRECATED_OBJC_IMPLEMENTATIONS = YES;
				CLANG_WARN_DIRECT_OBJC_ISA_USAGE = YES_ERROR;
				CLANG_WARN_DOCUMENTATION_COMMENTS = YES;
				CLANG_WARN_EMPTY_BODY = YES;
				CLANG_WARN_ENUM_CONVERSION = YES;
				CLANG_WARN_INFINITE_RECURSION = YES;
				CLANG_WARN_INT_CONVERSION = YES;
				CLANG_WARN_NON_LITERAL_NULL_CONVERSION = YES;
				CLANG_WARN_OBJC_IMPLICIT_RETAIN_SELF = YES;
				CLANG_WARN_OBJC_LITERAL_CONVERSION = YES;
				CLANG_WARN_OBJC_ROOT_CLASS = YES_ERROR;
				CLANG_WARN_QUOTED_INCLUDE_IN_FRAMEWORK_HEADER = YES;
				CLANG_WARN_RANGE_LOOP_ANALYSIS = YES;
				CLANG_WARN_STRICT_PROTOTYPES = YES;
				CLANG_WARN_SUSPICIOUS_MOVE = YES;
				CLANG_WARN_UNGUARDED_AVAILABILITY = YES_AGGRESSIVE;
				CLANG_WARN_UNREACHABLE_CODE = YES;
				CLANG_WARN__DUPLICATE_METHOD_MATCH = YES;
				COPY_PHASE_STRIP = NO;
				DEBUG_INFORMATION_FORMAT = dwarf;
				ENABLE_STRICT_OBJC_MSGSEND = YES;
				ENABLE_TESTABILITY = YES;
				GCC_C_LANGUAGE_STANDARD = gnu11;
				GCC_DYNAMIC_NO_PIC = NO;
				GCC_NO_COMMON_BLOCKS = YES;
				GCC_OPTIMIZATION_LEVEL = 0;
				GCC_PREPROCESSOR_DEFINITIONS = (
					"DEBUG=1",
					"$(inherited)",
				);
				GCC_WARN_64_TO_32_BIT_CONVERSION = YES;
				GCC_WARN_ABOUT_RETURN_TYPE = YES_ERROR;
				GCC_WARN_UNDECLARED_SELECTOR = YES;
				GCC_WARN_UNINITIALIZED_AUTOS = YES_AGGRESSIVE;
				GCC_WARN_UNUSED_FUNCTION = YES;
				GCC_WARN_UNUSED_VARIABLE = YES;
				IPHONEOS_DEPLOYMENT_TARGET = 11.3;
				MTL_ENABLE_DEBUG_INFO = INCLUDE_SOURCE;
				MTL_FAST_MATH = YES;
				ONLY_ACTIVE_ARCH = YES;
				SDKROOT = iphoneos;
			};
			name = Debug;
		};
		88D5F413275DB12600B7082A /* Release */ = {
			isa = XCBuildConfiguration;
			buildSettings = {
				ALWAYS_SEARCH_USER_PATHS = NO;
				CLANG_ANALYZER_NONNULL = YES;
				CLANG_ANALYZER_NUMBER_OBJECT_CONVERSION = YES_AGGRESSIVE;
				CLANG_CXX_LANGUAGE_STANDARD = "gnu++17";
				CLANG_CXX_LIBRARY = "libc++";
				CLANG_ENABLE_MODULES = YES;
				CLANG_ENABLE_OBJC_ARC = YES;
				CLANG_ENABLE_OBJC_WEAK = YES;
				CLANG_WARN_BLOCK_CAPTURE_AUTORELEASING = YES;
				CLANG_WARN_BOOL_CONVERSION = YES;
				CLANG_WARN_COMMA = YES;
				CLANG_WARN_CONSTANT_CONVERSION = YES;
				CLANG_WARN_DEPRECATED_OBJC_IMPLEMENTATIONS = YES;
				CLANG_WARN_DIRECT_OBJC_ISA_USAGE = YES_ERROR;
				CLANG_WARN_DOCUMENTATION_COMMENTS = YES;
				CLANG_WARN_EMPTY_BODY = YES;
				CLANG_WARN_ENUM_CONVERSION = YES;
				CLANG_WARN_INFINITE_RECURSION = YES;
				CLANG_WARN_INT_CONVERSION = YES;
				CLANG_WARN_NON_LITERAL_NULL_CONVERSION = YES;
				CLANG_WARN_OBJC_IMPLICIT_RETAIN_SELF = YES;
				CLANG_WARN_OBJC_LITERAL_CONVERSION = YES;
				CLANG_WARN_OBJC_ROOT_CLASS = YES_ERROR;
				CLANG_WARN_QUOTED_INCLUDE_IN_FRAMEWORK_HEADER = YES;
				CLANG_WARN_RANGE_LOOP_ANALYSIS = YES;
				CLANG_WARN_STRICT_PROTOTYPES = YES;
				CLANG_WARN_SUSPICIOUS_MOVE = YES;
				CLANG_WARN_UNGUARDED_AVAILABILITY = YES_AGGRESSIVE;
				CLANG_WARN_UNREACHABLE_CODE = YES;
				CLANG_WARN__DUPLICATE_METHOD_MATCH = YES;
				COPY_PHASE_STRIP = NO;
				DEBUG_INFORMATION_FORMAT = "dwarf-with-dsym";
				ENABLE_NS_ASSERTIONS = NO;
				ENABLE_STRICT_OBJC_MSGSEND = YES;
				GCC_C_LANGUAGE_STANDARD = gnu11;
				GCC_NO_COMMON_BLOCKS = YES;
				GCC_WARN_64_TO_32_BIT_CONVERSION = YES;
				GCC_WARN_ABOUT_RETURN_TYPE = YES_ERROR;
				GCC_WARN_UNDECLARED_SELECTOR = YES;
				GCC_WARN_UNINITIALIZED_AUTOS = YES_AGGRESSIVE;
				GCC_WARN_UNUSED_FUNCTION = YES;
				GCC_WARN_UNUSED_VARIABLE = YES;
				IPHONEOS_DEPLOYMENT_TARGET = 11.3;
				MTL_ENABLE_DEBUG_INFO = NO;
				MTL_FAST_MATH = YES;
				SDKROOT = iphoneos;
				VALIDATE_PRODUCT = YES;
			};
			name = Release;
		};
		88D5F415275DB12600B7082A /* Debug */ = {
			isa = XCBuildConfiguration;
			baseConfigurationReference = 270B558323A4C9A30B17773A /* Pods-dysx.debug.xcconfig */;
			buildSettings = {
				ASSETCATALOG_COMPILER_APPICON_NAME = AppIcon;
				ASSETCATALOG_COMPILER_GLOBAL_ACCENT_COLOR_NAME = AccentColor;
				CODE_SIGN_STYLE = Automatic;
				CURRENT_PROJECT_VERSION = 1;
				DEVELOPMENT_TEAM = P8WZV3WY5A;
				GCC_PREFIX_HEADER = "$(SRCROOT)/dysx/PrefixHeader.pch";
				GENERATE_INFOPLIST_FILE = YES;
				INFOPLIST_FILE = dysx/Info.plist;
				INFOPLIST_KEY_UIApplicationSupportsIndirectInputEvents = YES;
				INFOPLIST_KEY_UILaunchStoryboardName = LaunchScreen;
				INFOPLIST_KEY_UISupportedInterfaceOrientations = UIInterfaceOrientationPortrait;
				IPHONEOS_DEPLOYMENT_TARGET = 9.0;
				LD_RUNPATH_SEARCH_PATHS = (
					"$(inherited)",
					"@executable_path/Frameworks",
				);
				MARKETING_VERSION = 1.0;
				PRODUCT_BUNDLE_IDENTIFIER = com.deyi.dysx;
				PRODUCT_NAME = "$(TARGET_NAME)";
				SWIFT_EMIT_LOC_STRINGS = YES;
				TARGETED_DEVICE_FAMILY = 1;
			};
			name = Debug;
		};
		88D5F416275DB12600B7082A /* Release */ = {
			isa = XCBuildConfiguration;
			baseConfigurationReference = 120E99C4E3153BE8BAD42DC3 /* Pods-dysx.release.xcconfig */;
			buildSettings = {
				ASSETCATALOG_COMPILER_APPICON_NAME = AppIcon;
				ASSETCATALOG_COMPILER_GLOBAL_ACCENT_COLOR_NAME = AccentColor;
				CODE_SIGN_STYLE = Automatic;
				CURRENT_PROJECT_VERSION = 1;
				DEVELOPMENT_TEAM = P8WZV3WY5A;
				GCC_PREFIX_HEADER = "$(SRCROOT)/dysx/PrefixHeader.pch";
				GENERATE_INFOPLIST_FILE = YES;
				INFOPLIST_FILE = dysx/Info.plist;
				INFOPLIST_KEY_UIApplicationSupportsIndirectInputEvents = YES;
				INFOPLIST_KEY_UILaunchStoryboardName = LaunchScreen;
				INFOPLIST_KEY_UISupportedInterfaceOrientations = UIInterfaceOrientationPortrait;
				IPHONEOS_DEPLOYMENT_TARGET = 9.0;
				LD_RUNPATH_SEARCH_PATHS = (
					"$(inherited)",
					"@executable_path/Frameworks",
				);
				MARKETING_VERSION = 1.0;
				PRODUCT_BUNDLE_IDENTIFIER = com.deyi.dysx;
				PRODUCT_NAME = "$(TARGET_NAME)";
				SWIFT_EMIT_LOC_STRINGS = YES;
				TARGETED_DEVICE_FAMILY = 1;
			};
			name = Release;
		};
		88D5F418275DB12600B7082A /* Debug */ = {
			isa = XCBuildConfiguration;
			baseConfigurationReference = 763CBBC94FC40A4CECA3D951 /* Pods-dysxTests.debug.xcconfig */;
			buildSettings = {
				BUNDLE_LOADER = "$(TEST_HOST)";
				CODE_SIGN_STYLE = Automatic;
				CURRENT_PROJECT_VERSION = 1;
				DEVELOPMENT_TEAM = P8WZV3WY5A;
				GENERATE_INFOPLIST_FILE = YES;
				IPHONEOS_DEPLOYMENT_TARGET = 15.0;
				LD_RUNPATH_SEARCH_PATHS = (
					"$(inherited)",
					"@executable_path/Frameworks",
					"@loader_path/Frameworks",
				);
				MARKETING_VERSION = 1.0;
				PRODUCT_BUNDLE_IDENTIFIER = com.deyi.dysxTests;
				PRODUCT_NAME = "$(TARGET_NAME)";
				SWIFT_EMIT_LOC_STRINGS = NO;
				TARGETED_DEVICE_FAMILY = "1,2";
				TEST_HOST = "$(BUILT_PRODUCTS_DIR)/dysx.app/dysx";
			};
			name = Debug;
		};
		88D5F419275DB12600B7082A /* Release */ = {
			isa = XCBuildConfiguration;
			baseConfigurationReference = 4EBB53A1A42A0B4B57BC1FE5 /* Pods-dysxTests.release.xcconfig */;
			buildSettings = {
				BUNDLE_LOADER = "$(TEST_HOST)";
				CODE_SIGN_STYLE = Automatic;
				CURRENT_PROJECT_VERSION = 1;
				DEVELOPMENT_TEAM = P8WZV3WY5A;
				GENERATE_INFOPLIST_FILE = YES;
				IPHONEOS_DEPLOYMENT_TARGET = 15.0;
				LD_RUNPATH_SEARCH_PATHS = (
					"$(inherited)",
					"@executable_path/Frameworks",
					"@loader_path/Frameworks",
				);
				MARKETING_VERSION = 1.0;
				PRODUCT_BUNDLE_IDENTIFIER = com.deyi.dysxTests;
				PRODUCT_NAME = "$(TARGET_NAME)";
				SWIFT_EMIT_LOC_STRINGS = NO;
				TARGETED_DEVICE_FAMILY = "1,2";
				TEST_HOST = "$(BUILT_PRODUCTS_DIR)/dysx.app/dysx";
			};
			name = Release;
		};
		88D5F41B275DB12600B7082A /* Debug */ = {
			isa = XCBuildConfiguration;
			baseConfigurationReference = 614DF5C5146C654DD7D41278 /* Pods-dysx-dysxUITests.debug.xcconfig */;
			buildSettings = {
				CODE_SIGN_STYLE = Automatic;
				CURRENT_PROJECT_VERSION = 1;
				DEVELOPMENT_TEAM = P8WZV3WY5A;
				GENERATE_INFOPLIST_FILE = YES;
				LD_RUNPATH_SEARCH_PATHS = (
					"$(inherited)",
					"@executable_path/Frameworks",
					"@loader_path/Frameworks",
				);
				MARKETING_VERSION = 1.0;
				PRODUCT_BUNDLE_IDENTIFIER = com.deyi.dysxUITests;
				PRODUCT_NAME = "$(TARGET_NAME)";
				SWIFT_EMIT_LOC_STRINGS = NO;
				TARGETED_DEVICE_FAMILY = "1,2";
				TEST_TARGET_NAME = dysx;
			};
			name = Debug;
		};
		88D5F41C275DB12600B7082A /* Release */ = {
			isa = XCBuildConfiguration;
			baseConfigurationReference = 130FCFD9F4992BFC9F82362D /* Pods-dysx-dysxUITests.release.xcconfig */;
			buildSettings = {
				CODE_SIGN_STYLE = Automatic;
				CURRENT_PROJECT_VERSION = 1;
				DEVELOPMENT_TEAM = P8WZV3WY5A;
				GENERATE_INFOPLIST_FILE = YES;
				LD_RUNPATH_SEARCH_PATHS = (
					"$(inherited)",
					"@executable_path/Frameworks",
					"@loader_path/Frameworks",
				);
				MARKETING_VERSION = 1.0;
				PRODUCT_BUNDLE_IDENTIFIER = com.deyi.dysxUITests;
				PRODUCT_NAME = "$(TARGET_NAME)";
				SWIFT_EMIT_LOC_STRINGS = NO;
				TARGETED_DEVICE_FAMILY = "1,2";
				TEST_TARGET_NAME = dysx;
			};
			name = Release;
		};
/* End XCBuildConfiguration section */

/* Begin XCConfigurationList section */
		88D5F3E0275DB12100B7082A /* Build configuration list for PBXProject "dysx" */ = {
			isa = XCConfigurationList;
			buildConfigurations = (
				88D5F412275DB12600B7082A /* Debug */,
				88D5F413275DB12600B7082A /* Release */,
			);
			defaultConfigurationIsVisible = 0;
			defaultConfigurationName = Release;
		};
		88D5F414275DB12600B7082A /* Build configuration list for PBXNativeTarget "dysx" */ = {
			isa = XCConfigurationList;
			buildConfigurations = (
				88D5F415275DB12600B7082A /* Debug */,
				88D5F416275DB12600B7082A /* Release */,
			);
			defaultConfigurationIsVisible = 0;
			defaultConfigurationName = Release;
		};
		88D5F417275DB12600B7082A /* Build configuration list for PBXNativeTarget "dysxTests" */ = {
			isa = XCConfigurationList;
			buildConfigurations = (
				88D5F418275DB12600B7082A /* Debug */,
				88D5F419275DB12600B7082A /* Release */,
			);
			defaultConfigurationIsVisible = 0;
			defaultConfigurationName = Release;
		};
		88D5F41A275DB12600B7082A /* Build configuration list for PBXNativeTarget "dysxUITests" */ = {
			isa = XCConfigurationList;
			buildConfigurations = (
				88D5F41B275DB12600B7082A /* Debug */,
				88D5F41C275DB12600B7082A /* Release */,
			);
			defaultConfigurationIsVisible = 0;
			defaultConfigurationName = Release;
		};
/* End XCConfigurationList section */
	};
	rootObject = 88D5F3DD275DB12100B7082A /* Project object */;
}
